
Microsoft Visual Studio Solution File, Format Version 12.00
# Visual Studio 14
VisualStudioVersion = 14.0.25420.1
MinimumVisualStudioVersion = 10.0.40219.1
Project("{F184B08F-C81C-45F6-A57F-5ABD9991F28F}") = "Backend", "Backend\Backend.vbproj", "{6EB3338E-6A1B-4FEF-AC30-DE7F4F299BFC}"
EndProject
Project("{F184B08F-C81C-45F6-A57F-5ABD9991F28F}") = "Desktop", "Desktop\Desktop.vbproj", "{551945C2-67E2-4455-B4D9-5B1B0CBCA076}"
	ProjectSection(ProjectDependencies) = postProject
		{6EB3338E-6A1B-4FEF-AC30-DE7F4F299BFC} = {6EB3338E-6A1B-4FEF-AC30-DE7F4F299BFC}
	EndProjectSection
EndProject
Global
	GlobalSection(SolutionConfigurationPlatforms) = preSolution
		Debug|Any CPU = Debug|Any CPU
		Release|Any CPU = Release|Any CPU
	EndGlobalSection
	GlobalSection(ProjectConfigurationPlatforms) = postSolution
		{6EB3338E-6A1B-4FEF-AC30-DE7F4F299BFC}.Debug|Any CPU.ActiveCfg = Debug|Any CPU
		{6EB3338E-6A1B-4FEF-AC30-DE7F4F299BFC}.Debug|Any CPU.Build.0 = Debug|Any CPU
		{6EB3338E-6A1B-4FEF-AC30-DE7F4F299BFC}.Release|Any CPU.ActiveCfg = Release|Any CPU
		{6EB3338E-6A1B-4FEF-AC30-DE7F4F299BFC}.Release|Any CPU.Build.0 = Release|Any CPU
		{551945C2-67E2-4455-B4D9-5B1B0CBCA076}.Debug|Any CPU.ActiveCfg = Debug|Any CPU
		{551945C2-67E2-4455-B4D9-5B1B0CBCA076}.Debug|Any CPU.Build.0 = Debug|Any CPU
		{551945C2-67E2-4455-B4D9-5B1B0CBCA076}.Release|Any CPU.ActiveCfg = Release|Any CPU
		{551945C2-67E2-4455-B4D9-5B1B0CBCA076}.Release|Any CPU.Build.0 = Release|Any CPU
	EndGlobalSection
	GlobalSection(SolutionProperties) = preSolution
		HideSolutionNode = FALSE
	EndGlobalSection
EndGlobal
